{
  "name": "snow",
  "version": "1.0.0",
  "lockfileVersion": 3,
  "requires": true,
  "packages": {
    "": {
      "name": "snow",
      "version": "1.0.0",
      "license": "ISC",
      "dependencies": {
        "@citizenfx/client": "2.0.12092-1"
      }
    },
    "node_modules/@citizenfx/client": {
      "version": "2.0.12092-1",
      "resolved": "https://registry.npmjs.org/@citizenfx/client/-/client-2.0.12092-1.tgz",
      "integrity": "sha512-XiUNAEsCUVM3DAf9dWgMaL+kVpY3Cu/P/RumFhmBqie/oj0P/u5Kk8bw+JaxcDa7XMp5TvlLe6xCGNk686m/3g=="
    }
  }
}
