# THIS IS AN AUTOGENERATED FILE. DO NOT EDIT THIS FILE DIRECTLY.
# yarn lockfile v1


"@citizenfx/client@2.0.12092-1":
  version "2.0.12092-1"
  resolved "https://registry.yarnpkg.com/@citizenfx/client/-/client-2.0.12092-1.tgz#f16ea8a73d881cae6427bd51c0d3c808729ab2dd"
  integrity sha512-XiUNAEsCUVM3DAf9dWgMaL+kVpY3Cu/P/RumFhmBqie/oj0P/u5Kk8bw+JaxcDa7XMp5TvlLe6xCGNk686m/3g==
